// !$*UTF8*$!
{
	archiveVersion = 1;
	classes = {
	};
	objectVersion = 46;
	objects = {

/* Begin PBXBuildFile section */
		1AC563E3193DCE6000402286 /* AppDelegate.swift in Sources */ = {isa = PBXBuildFile; fileRef = 1AC563E2193DCE6000402286 /* AppDelegate.swift */; };
		1AC563E5193DCE6000402286 /* ViewController.swift in Sources */ = {isa = PBXBuildFile; fileRef = 1AC563E4193DCE6000402286 /* ViewController.swift */; };
		1AC563E8193DCE6000402286 /* Main.storyboard in Resources */ = {isa = PBXBuildFile; fileRef = 1AC563E6193DCE6000402286 /* Main.storyboard */; };
		1AC563EA193DCE6000402286 /* Images.xcassets in Resources */ = {isa = PBXBuildFile; fileRef = 1AC563E9193DCE6000402286 /* Images.xcassets */; };
		1AC563F6193DCE6000402286 /* swift_2048Tests.swift in Sources */ = {isa = PBXBuildFile; fileRef = 1AC563F5193DCE6000402286 /* swift_2048Tests.swift */; };
		1AE339B2193DCF110081FFA4 /* GameModel.swift in Sources */ = {isa = PBXBuildFile; fileRef = 1AE339B1193DCF110081FFA4 /* GameModel.swift */; };
		1AE339B4193DF5FF0081FFA4 /* ModelTests.swift in Sources */ = {isa = PBXBuildFile; fileRef = 1AE339B3193DF5FF0081FFA4 /* ModelTests.swift */; };
		1AE339B5193DF6540081FFA4 /* GameModel.swift in Sources */ = {isa = PBXBuildFile; fileRef = 1AE339B1193DCF110081FFA4 /* GameModel.swift */; };
		1AE8BEF0193EEE24007592BA /* GameboardView.swift in Sources */ = {isa = PBXBuildFile; fileRef = 1AE8BEEF193EEE24007592BA /* GameboardView.swift */; };
		1AE8BEF2193EF1C7007592BA /* AppearanceProvider.swift in Sources */ = {isa = PBXBuildFile; fileRef = 1AE8BEF1193EF1C7007592BA /* AppearanceProvider.swift */; };
		1AE8BEF4193EF260007592BA /* NumberTileGame.swift in Sources */ = {isa = PBXBuildFile; fileRef = 1AE8BEF3193EF260007592BA /* NumberTileGame.swift */; };
		1AE8BEF6193EF4B6007592BA /* TileView.swift in Sources */ = {isa = PBXBuildFile; fileRef = 1AE8BEF5193EF4B6007592BA /* TileView.swift */; };
		1AF8F0B619403AA400A7049E /* AccessoryViews.swift in Sources */ = {isa = PBXBuildFile; fileRef = 1AF8F0B519403AA400A7049E /* AccessoryViews.swift */; };
		1AF8F0B81941841000A7049E /* AuxiliaryModels.swift in Sources */ = {isa = PBXBuildFile; fileRef = 1AF8F0B71941841000A7049E /* AuxiliaryModels.swift */; };
		1AF8F0B91941846F00A7049E /* AuxiliaryModels.swift in Sources */ = {isa = PBXBuildFile; fileRef = 1AF8F0B71941841000A7049E /* AuxiliaryModels.swift */; };
		84A08F831BB9229800FBA80B /* StartApp.bundle in Resources */ = {isa = PBXBuildFile; fileRef = 84A08F811BB9229800FBA80B /* StartApp.bundle */; };
		84A08F841BB9229800FBA80B /* StartApp.framework in Frameworks */ = {isa = PBXBuildFile; fileRef = 84A08F821BB9229800FBA80B /* StartApp.framework */; };
		84A794051BB52AAB007E4AE1 /* GoogleMobileAds.framework in Frameworks */ = {isa = PBXBuildFile; fileRef = 84A794041BB52AAB007E4AE1 /* GoogleMobileAds.framework */; };
		84A794071BB52AD5007E4AE1 /* AdSupport.framework in Frameworks */ = {isa = PBXBuildFile; fileRef = 84A794061BB52AD5007E4AE1 /* AdSupport.framework */; };
		84A794091BB52ADC007E4AE1 /* WebKit.framework in Frameworks */ = {isa = PBXBuildFile; fileRef = 84A794081BB52ADC007E4AE1 /* WebKit.framework */; };
		84A7940B1BB52AE2007E4AE1 /* StoreKit.framework in Frameworks */ = {isa = PBXBuildFile; fileRef = 84A7940A1BB52AE2007E4AE1 /* StoreKit.framework */; };
		84A7940D1BB52AEE007E4AE1 /* Social.framework in Frameworks */ = {isa = PBXBuildFile; fileRef = 84A7940C1BB52AEE007E4AE1 /* Social.framework */; };
		84A7940F1BB52AF5007E4AE1 /* libz.dylib in Frameworks */ = {isa = PBXBuildFile; fileRef = 84A7940E1BB52AF5007E4AE1 /* libz.dylib */; };
		84A794111BB52AFE007E4AE1 /* libsqlite3.0.dylib in Frameworks */ = {isa = PBXBuildFile; fileRef = 84A794101BB52AFE007E4AE1 /* libsqlite3.0.dylib */; };
		84A794131BB52B19007E4AE1 /* Foundation.framework in Frameworks */ = {isa = PBXBuildFile; fileRef = 84A794121BB52B19007E4AE1 /* Foundation.framework */; };
		84A794151BB52B28007E4AE1 /* UIKit.framework in Frameworks */ = {isa = PBXBuildFile; fileRef = 84A794141BB52B28007E4AE1 /* UIKit.framework */; };
		84A794171BB52B2F007E4AE1 /* CoreGraphics.framework in Frameworks */ = {isa = PBXBuildFile; fileRef = 84A794161BB52B2F007E4AE1 /* CoreGraphics.framework */; };
		84A794191BB52B38007E4AE1 /* SystemConfiguration.framework in Frameworks */ = {isa = PBXBuildFile; fileRef = 84A794181BB52B38007E4AE1 /* SystemConfiguration.framework */; };
		84A7941B1BB52B40007E4AE1 /* Security.framework in Frameworks */ = {isa = PBXBuildFile; fileRef = 84A7941A1BB52B40007E4AE1 /* Security.framework */; };
		84A7941D1BB52B46007E4AE1 /* QuartzCore.framework in Frameworks */ = {isa = PBXBuildFile; fileRef = 84A7941C1BB52B46007E4AE1 /* QuartzCore.framework */; };
		84A7941F1BB52B4B007E4AE1 /* MessageUI.framework in Frameworks */ = {isa = PBXBuildFile; fileRef = 84A7941E1BB52B4B007E4AE1 /* MessageUI.framework */; };
		84A794211BB52B58007E4AE1 /* MediaPlayer.framework in Frameworks */ = {isa = PBXBuildFile; fileRef = 84A794201BB52B58007E4AE1 /* MediaPlayer.framework */; };
		84A794231BB52B5E007E4AE1 /* CoreTelephony.framework in Frameworks */ = {isa = PBXBuildFile; fileRef = 84A794221BB52B5E007E4AE1 /* CoreTelephony.framework */; };
		84A794251BB52B66007E4AE1 /* CoreLocation.framework in Frameworks */ = {isa = PBXBuildFile; fileRef = 84A794241BB52B66007E4AE1 /* CoreLocation.framework */; };
		84A794271BB52B70007E4AE1 /* CoreAudio.framework in Frameworks */ = {isa = PBXBuildFile; fileRef = 84A794261BB52B70007E4AE1 /* CoreAudio.framework */; };
		84A794291BB52B74007E4AE1 /* CFNetwork.framework in Frameworks */ = {isa = PBXBuildFile; fileRef = 84A794281BB52B74007E4AE1 /* CFNetwork.framework */; };
		84A7942B1BB52B7A007E4AE1 /* AVFoundation.framework in Frameworks */ = {isa = PBXBuildFile; fileRef = 84A7942A1BB52B7A007E4AE1 /* AVFoundation.framework */; };
		84A7942D1BB52B7F007E4AE1 /* AudioToolbox.framework in Frameworks */ = {isa = PBXBuildFile; fileRef = 84A7942C1BB52B7F007E4AE1 /* AudioToolbox.framework */; };
		84A7942F1BB52B8C007E4AE1 /* CoreMedia.framework in Frameworks */ = {isa = PBXBuildFile; fileRef = 84A7942E1BB52B8C007E4AE1 /* CoreMedia.framework */; };
		84A794311BB52B92007E4AE1 /* CoreData.framework in Frameworks */ = {isa = PBXBuildFile; fileRef = 84A794301BB52B91007E4AE1 /* CoreData.framework */; };
		84A794341BB52B97007E4AE1 /* EventKit.framework in Frameworks */ = {isa = PBXBuildFile; fileRef = 84A794321BB52B97007E4AE1 /* EventKit.framework */; };
		84A794351BB52B97007E4AE1 /* EventKitUI.framework in Frameworks */ = {isa = PBXBuildFile; fileRef = 84A794331BB52B97007E4AE1 /* EventKitUI.framework */; };
		84A794371BB534E4007E4AE1 /* Chartboost.framework in Frameworks */ = {isa = PBXBuildFile; fileRef = 84A794361BB534E4007E4AE1 /* Chartboost.framework */; };
		84B5A8C71BB9430600FDAD49 /* bt1.png in Resources */ = {isa = PBXBuildFile; fileRef = 84B5A8C61BB9430600FDAD49 /* bt1.png */; };
		84B5A8C91BB9431700FDAD49 /* 6666.png in Resources */ = {isa = PBXBuildFile; fileRef = 84B5A8C81BB9431700FDAD49 /* 6666.png */; };
		84C238F01BE61A65002A4C07 /* Test.m in Sources */ = {isa = PBXBuildFile; fileRef = 84C238EF1BE61A65002A4C07 /* Test.m */; };
/* End PBXBuildFile section */

/* Begin PBXContainerItemProxy section */
		1AC563F0193DCE6000402286 /* PBXContainerItemProxy */ = {
			isa = PBXContainerItemProxy;
			containerPortal = 1AC563D5193DCE6000402286 /* Project object */;
			proxyType = 1;
			remoteGlobalIDString = 1AC563DC193DCE6000402286;
			remoteInfo = "swift-2048";
		};
		1AE8BEF7193F1090007592BA /* PBXContainerItemProxy */ = {
			isa = PBXContainerItemProxy;
			containerPortal = 1AC563D5193DCE6000402286 /* Project object */;
			proxyType = 1;
			remoteGlobalIDString = 1AC563DC193DCE6000402286;
			remoteInfo = "swift-2048";
		};
/* End PBXContainerItemProxy section */

/* Begin PBXFileReference section */
		1AC563DD193DCE6000402286 /* Game20480.app */ = {isa = PBXFileReference; explicitFileType = wrapper.application; includeInIndex = 0; path = Game20480.app; sourceTree = BUILT_PRODUCTS_DIR; };
		1AC563E1193DCE6000402286 /* Info.plist */ = {isa = PBXFileReference; lastKnownFileType = text.plist.xml; path = Info.plist; sourceTree = "<group>"; };
		1AC563E2193DCE6000402286 /* AppDelegate.swift */ = {isa = PBXFileReference; lastKnownFileType = sourcecode.swift; path = AppDelegate.swift; sourceTree = "<group>"; };
		1AC563E4193DCE6000402286 /* ViewController.swift */ = {isa = PBXFileReference; lastKnownFileType = sourcecode.swift; path = ViewController.swift; sourceTree = "<group>"; };
		1AC563E7193DCE6000402286 /* Base */ = {isa = PBXFileReference; lastKnownFileType = file.storyboard; name = Base; path = Base.lproj/Main.storyboard; sourceTree = "<group>"; };
		1AC563E9193DCE6000402286 /* Images.xcassets */ = {isa = PBXFileReference; lastKnownFileType = folder.assetcatalog; path = Images.xcassets; sourceTree = "<group>"; };
		1AC563EF193DCE6000402286 /* Game20480Tests.xctest */ = {isa = PBXFileReference; explicitFileType = wrapper.cfbundle; includeInIndex = 0; path = Game20480Tests.xctest; sourceTree = BUILT_PRODUCTS_DIR; };
		1AC563F4193DCE6000402286 /* Info.plist */ = {isa = PBXFileReference; lastKnownFileType = text.plist.xml; path = Info.plist; sourceTree = "<group>"; };
		1AC563F5193DCE6000402286 /* swift_2048Tests.swift */ = {isa = PBXFileReference; lastKnownFileType = sourcecode.swift; path = swift_2048Tests.swift; sourceTree = "<group>"; };
		1AE339B1193DCF110081FFA4 /* GameModel.swift */ = {isa = PBXFileReference; fileEncoding = 4; lastKnownFileType = sourcecode.swift; name = GameModel.swift; path = Models/GameModel.swift; sourceTree = "<group>"; };
		1AE339B3193DF5FF0081FFA4 /* ModelTests.swift */ = {isa = PBXFileReference; fileEncoding = 4; lastKnownFileType = sourcecode.swift; path = ModelTests.swift; sourceTree = "<group>"; };
		1AE8BEEF193EEE24007592BA /* GameboardView.swift */ = {isa = PBXFileReference; fileEncoding = 4; lastKnownFileType = sourcecode.swift; name = GameboardView.swift; path = Views/GameboardView.swift; sourceTree = "<group>"; };
		1AE8BEF1193EF1C7007592BA /* AppearanceProvider.swift */ = {isa = PBXFileReference; fileEncoding = 4; lastKnownFileType = sourcecode.swift; path = AppearanceProvider.swift; sourceTree = "<group>"; };
		1AE8BEF3193EF260007592BA /* NumberTileGame.swift */ = {isa = PBXFileReference; fileEncoding = 4; lastKnownFileType = sourcecode.swift; path = NumberTileGame.swift; sourceTree = "<group>"; };
		1AE8BEF5193EF4B6007592BA /* TileView.swift */ = {isa = PBXFileReference; fileEncoding = 4; lastKnownFileType = sourcecode.swift; name = TileView.swift; path = Views/TileView.swift; sourceTree = "<group>"; };
		1AF8F0B519403AA400A7049E /* AccessoryViews.swift */ = {isa = PBXFileReference; fileEncoding = 4; lastKnownFileType = sourcecode.swift; name = AccessoryViews.swift; path = Views/AccessoryViews.swift; sourceTree = "<group>"; };
		1AF8F0B71941841000A7049E /* AuxiliaryModels.swift */ = {isa = PBXFileReference; fileEncoding = 4; lastKnownFileType = sourcecode.swift; name = AuxiliaryModels.swift; path = Models/AuxiliaryModels.swift; sourceTree = "<group>"; };
		84A08F811BB9229800FBA80B /* StartApp.bundle */ = {isa = PBXFileReference; lastKnownFileType = "wrapper.plug-in"; path = StartApp.bundle; sourceTree = "<group>"; };
		84A08F821BB9229800FBA80B /* StartApp.framework */ = {isa = PBXFileReference; lastKnownFileType = wrapper.framework; path = StartApp.framework; sourceTree = "<group>"; };
		84A794031BB52A66007E4AE1 /* vuonhoa-Bridging-header.h */ = {isa = PBXFileReference; lastKnownFileType = sourcecode.c.h; name = "vuonhoa-Bridging-header.h"; path = "../vuonhoa-Bridging-header.h"; sourceTree = "<group>"; };
		84A794041BB52AAB007E4AE1 /* GoogleMobileAds.framework */ = {isa = PBXFileReference; lastKnownFileType = wrapper.framework; path = GoogleMobileAds.framework; sourceTree = "<group>"; };
		84A794061BB52AD5007E4AE1 /* AdSupport.framework */ = {isa = PBXFileReference; lastKnownFileType = wrapper.framework; name = AdSupport.framework; path = System/Library/Frameworks/AdSupport.framework; sourceTree = SDKROOT; };
		84A794081BB52ADC007E4AE1 /* WebKit.framework */ = {isa = PBXFileReference; lastKnownFileType = wrapper.framework; name = WebKit.framework; path = System/Library/Frameworks/WebKit.framework; sourceTree = SDKROOT; };
		84A7940A1BB52AE2007E4AE1 /* StoreKit.framework */ = {isa = PBXFileReference; lastKnownFileType = wrapper.framework; name = StoreKit.framework; path = System/Library/Frameworks/StoreKit.framework; sourceTree = SDKROOT; };
		84A7940C1BB52AEE007E4AE1 /* Social.framework */ = {isa = PBXFileReference; lastKnownFileType = wrapper.framework; name = Social.framework; path = System/Library/Frameworks/Social.framework; sourceTree = SDKROOT; };
		84A7940E1BB52AF5007E4AE1 /* libz.dylib */ = {isa = PBXFileReference; lastKnownFileType = "compiled.mach-o.dylib"; name = libz.dylib; path = usr/lib/libz.dylib; sourceTree = SDKROOT; };
		84A794101BB52AFE007E4AE1 /* libsqlite3.0.dylib */ = {isa = PBXFileReference; lastKnownFileType = "compiled.mach-o.dylib"; name = libsqlite3.0.dylib; path = usr/lib/libsqlite3.0.dylib; sourceTree = SDKROOT; };
		84A794121BB52B19007E4AE1 /* Foundation.framework */ = {isa = PBXFileReference; lastKnownFileType = wrapper.framework; name = Foundation.framework; path = System/Library/Frameworks/Foundation.framework; sourceTree = SDKROOT; };
		84A794141BB52B28007E4AE1 /* UIKit.framework */ = {isa = PBXFileReference; lastKnownFileType = wrapper.framework; name = UIKit.framework; path = System/Library/Frameworks/UIKit.framework; sourceTree = SDKROOT; };
		84A794161BB52B2F007E4AE1 /* CoreGraphics.framework */ = {isa = PBXFileReference; lastKnownFileType = wrapper.framework; name = CoreGraphics.framework; path = System/Library/Frameworks/CoreGraphics.framework; sourceTree = SDKROOT; };
		84A794181BB52B38007E4AE1 /* SystemConfiguration.framework */ = {isa = PBXFileReference; lastKnownFileType = wrapper.framework; name = SystemConfiguration.framework; path = System/Library/Frameworks/SystemConfiguration.framework; sourceTree = SDKROOT; };
		84A7941A1BB52B40007E4AE1 /* Security.framework */ = {isa = PBXFileReference; lastKnownFileType = wrapper.framework; name = Security.framework; path = System/Library/Frameworks/Security.framework; sourceTree = SDKROOT; };
		84A7941C1BB52B46007E4AE1 /* QuartzCore.framework */ = {isa = PBXFileReference; lastKnownFileType = wrapper.framework; name = QuartzCore.framework; path = System/Library/Frameworks/QuartzCore.framework; sourceTree = SDKROOT; };
		84A7941E1BB52B4B007E4AE1 /* MessageUI.framework */ = {isa = PBXFileReference; lastKnownFileType = wrapper.framework; name = MessageUI.framework; path = System/Library/Frameworks/MessageUI.framework; sourceTree = SDKROOT; };
		84A794201BB52B58007E4AE1 /* MediaPlayer.framework */ = {isa = PBXFileReference; lastKnownFileType = wrapper.framework; name = MediaPlayer.framework; path = System/Library/Frameworks/MediaPlayer.framework; sourceTree = SDKROOT; };
		84A794221BB52B5E007E4AE1 /* CoreTelephony.framework */ = {isa = PBXFileReference; lastKnownFileType = wrapper.framework; name = CoreTelephony.framework; path = System/Library/Frameworks/CoreTelephony.framework; sourceTree = SDKROOT; };
		84A794241BB52B66007E4AE1 /* CoreLocation.framework */ = {isa = PBXFileReference; lastKnownFileType = wrapper.framework; name = CoreLocation.framework; path = System/Library/Frameworks/CoreLocation.framework; sourceTree = SDKROOT; };
		84A794261BB52B70007E4AE1 /* CoreAudio.framework */ = {isa = PBXFileReference; lastKnownFileType = wrapper.framework; name = CoreAudio.framework; path = System/Library/Frameworks/CoreAudio.framework; sourceTree = SDKROOT; };
		84A794281BB52B74007E4AE1 /* CFNetwork.framework */ = {isa = PBXFileReference; lastKnownFileType = wrapper.framework; name = CFNetwork.framework; path = System/Library/Frameworks/CFNetwork.framework; sourceTree = SDKROOT; };
		84A7942A1BB52B7A007E4AE1 /* AVFoundation.framework */ = {isa = PBXFileReference; lastKnownFileType = wrapper.framework; name = AVFoundation.framework; path = System/Library/Frameworks/AVFoundation.framework; sourceTree = SDKROOT; };
		84A7942C1BB52B7F007E4AE1 /* AudioToolbox.framework */ = {isa = PBXFileReference; lastKnownFileType = wrapper.framework; name = AudioToolbox.framework; path = System/Library/Frameworks/AudioToolbox.framework; sourceTree = SDKROOT; };
		84A7942E1BB52B8C007E4AE1 /* CoreMedia.framework */ = {isa = PBXFileReference; lastKnownFileType = wrapper.framework; name = CoreMedia.framework; path = System/Library/Frameworks/CoreMedia.framework; sourceTree = SDKROOT; };
		84A794301BB52B91007E4AE1 /* CoreData.framework */ = {isa = PBXFileReference; lastKnownFileType = wrapper.framework; name = CoreData.framework; path = System/Library/Frameworks/CoreData.framework; sourceTree = SDKROOT; };
		84A794321BB52B97007E4AE1 /* EventKit.framework */ = {isa = PBXFileReference; lastKnownFileType = wrapper.framework; name = EventKit.framework; path = System/Library/Frameworks/EventKit.framework; sourceTree = SDKROOT; };
		84A794331BB52B97007E4AE1 /* EventKitUI.framework */ = {isa = PBXFileReference; lastKnownFileType = wrapper.framework; name = EventKitUI.framework; path = System/Library/Frameworks/EventKitUI.framework; sourceTree = SDKROOT; };
		84A794361BB534E4007E4AE1 /* Chartboost.framework */ = {isa = PBXFileReference; lastKnownFileType = wrapper.framework; name = Chartboost.framework; path = ../Chartboost.framework; sourceTree = "<group>"; };
		84B5A8C61BB9430600FDAD49 /* bt1.png */ = {isa = PBXFileReference; lastKnownFileType = image.png; path = bt1.png; sourceTree = "<group>"; };
		84B5A8C81BB9431700FDAD49 /* 6666.png */ = {isa = PBXFileReference; lastKnownFileType = image.png; path = 6666.png; sourceTree = "<group>"; };
		84C238EE1BE61A65002A4C07 /* Test.h */ = {isa = PBXFileReference; fileEncoding = 4; lastKnownFileType = sourcecode.c.h; path = Test.h; sourceTree = "<group>"; };
		84C238EF1BE61A65002A4C07 /* Test.m */ = {isa = PBXFileReference; fileEncoding = 4; lastKnownFileType = sourcecode.c.objc; path = Test.m; sourceTree = "<group>"; };
/* End PBXFileReference section */

/* Begin PBXFrameworksBuildPhase section */
		1AC563DA193DCE6000402286 /* Frameworks */ = {
			isa = PBXFrameworksBuildPhase;
			buildActionMask = 2147483647;
			files = (
				84A794341BB52B97007E4AE1 /* EventKit.framework in Frameworks */,
				84A794351BB52B97007E4AE1 /* EventKitUI.framework in Frameworks */,
				84A794311BB52B92007E4AE1 /* CoreData.framework in Frameworks */,
				84A7942F1BB52B8C007E4AE1 /* CoreMedia.framework in Frameworks */,
				84A7942D1BB52B7F007E4AE1 /* AudioToolbox.framework in Frameworks */,
				84A7942B1BB52B7A007E4AE1 /* AVFoundation.framework in Frameworks */,
				84A794291BB52B74007E4AE1 /* CFNetwork.framework in Frameworks */,
				84A794271BB52B70007E4AE1 /* CoreAudio.framework in Frameworks */,
				84A794251BB52B66007E4AE1 /* CoreLocation.framework in Frameworks */,
				84A794231BB52B5E007E4AE1 /* CoreTelephony.framework in Frameworks */,
				84A794211BB52B58007E4AE1 /* MediaPlayer.framework in Frameworks */,
				84A7941F1BB52B4B007E4AE1 /* MessageUI.framework in Frameworks */,
				84A08F841BB9229800FBA80B /* StartApp.framework in Frameworks */,
				84A7941D1BB52B46007E4AE1 /* QuartzCore.framework in Frameworks */,
				84A7941B1BB52B40007E4AE1 /* Security.framework in Frameworks */,
				84A794191BB52B38007E4AE1 /* SystemConfiguration.framework in Frameworks */,
				84A794171BB52B2F007E4AE1 /* CoreGraphics.framework in Frameworks */,
				84A794151BB52B28007E4AE1 /* UIKit.framework in Frameworks */,
				84A794131BB52B19007E4AE1 /* Foundation.framework in Frameworks */,
				84A794111BB52AFE007E4AE1 /* libsqlite3.0.dylib in Frameworks */,
				84A794371BB534E4007E4AE1 /* Chartboost.framework in Frameworks */,
				84A7940F1BB52AF5007E4AE1 /* libz.dylib in Frameworks */,
				84A7940D1BB52AEE007E4AE1 /* Social.framework in Frameworks */,
				84A7940B1BB52AE2007E4AE1 /* StoreKit.framework in Frameworks */,
				84A794091BB52ADC007E4AE1 /* WebKit.framework in Frameworks */,
				84A794071BB52AD5007E4AE1 /* AdSupport.framework in Frameworks */,
				84A794051BB52AAB007E4AE1 /* GoogleMobileAds.framework in Frameworks */,
			);
			runOnlyForDeploymentPostprocessing = 0;
		};
		1AC563EC193DCE6000402286 /* Frameworks */ = {
			isa = PBXFrameworksBuildPhase;
			buildActionMask = 2147483647;
			files = (
			);
			runOnlyForDeploymentPostprocessing = 0;
		};
/* End PBXFrameworksBuildPhase section */

/* Begin PBXGroup section */
		1AC563D4193DCE6000402286 = {
			isa = PBXGroup;
			children = (
				84C238EE1BE61A65002A4C07 /* Test.h */,
				84C238EF1BE61A65002A4C07 /* Test.m */,
				84A08F801BB9228A00FBA80B /* FW */,
				84A794321BB52B97007E4AE1 /* EventKit.framework */,
				84A794331BB52B97007E4AE1 /* EventKitUI.framework */,
				84A794301BB52B91007E4AE1 /* CoreData.framework */,
				84A7942E1BB52B8C007E4AE1 /* CoreMedia.framework */,
				84A7942C1BB52B7F007E4AE1 /* AudioToolbox.framework */,
				84A7942A1BB52B7A007E4AE1 /* AVFoundation.framework */,
				84A794281BB52B74007E4AE1 /* CFNetwork.framework */,
				84A794261BB52B70007E4AE1 /* CoreAudio.framework */,
				84A794241BB52B66007E4AE1 /* CoreLocation.framework */,
				84A794221BB52B5E007E4AE1 /* CoreTelephony.framework */,
				84A794201BB52B58007E4AE1 /* MediaPlayer.framework */,
				84A7941E1BB52B4B007E4AE1 /* MessageUI.framework */,
				84A7941C1BB52B46007E4AE1 /* QuartzCore.framework */,
				84A7941A1BB52B40007E4AE1 /* Security.framework */,
				84A794181BB52B38007E4AE1 /* SystemConfiguration.framework */,
				84A794161BB52B2F007E4AE1 /* CoreGraphics.framework */,
				84A794141BB52B28007E4AE1 /* UIKit.framework */,
				84A794121BB52B19007E4AE1 /* Foundation.framework */,
				84A794101BB52AFE007E4AE1 /* libsqlite3.0.dylib */,
				84A7940E1BB52AF5007E4AE1 /* libz.dylib */,
				84A7940C1BB52AEE007E4AE1 /* Social.framework */,
				84A7940A1BB52AE2007E4AE1 /* StoreKit.framework */,
				84A794081BB52ADC007E4AE1 /* WebKit.framework */,
				84A794061BB52AD5007E4AE1 /* AdSupport.framework */,
				84A794041BB52AAB007E4AE1 /* GoogleMobileAds.framework */,
				1AC563DF193DCE6000402286 /* swift-2048 */,
				1AC563F2193DCE6000402286 /* swift-2048Tests */,
				1AC563DE193DCE6000402286 /* Products */,
			);
			sourceTree = "<group>";
		};
		1AC563DE193DCE6000402286 /* Products */ = {
			isa = PBXGroup;
			children = (
				1AC563DD193DCE6000402286 /* Game20480.app */,
				1AC563EF193DCE6000402286 /* Game20480Tests.xctest */,
			);
			name = Products;
			sourceTree = "<group>";
		};
		1AC563DF193DCE6000402286 /* swift-2048 */ = {
			isa = PBXGroup;
			children = (
				84B5A8C81BB9431700FDAD49 /* 6666.png */,
				84B5A8C61BB9430600FDAD49 /* bt1.png */,
				84A794361BB534E4007E4AE1 /* Chartboost.framework */,
				84A794031BB52A66007E4AE1 /* vuonhoa-Bridging-header.h */,
				1AC563E2193DCE6000402286 /* AppDelegate.swift */,
				1AC563E4193DCE6000402286 /* ViewController.swift */,
				1AC563E6193DCE6000402286 /* Main.storyboard */,
				1AC563E9193DCE6000402286 /* Images.xcassets */,
				1AC563E0193DCE6000402286 /* Supporting Files */,
				1AE339AF193DCE990081FFA4 /* Models */,
				1AE339B0193DCEAE0081FFA4 /* Views */,
				1AE8BEF3193EF260007592BA /* NumberTileGame.swift */,
				1AE8BEF1193EF1C7007592BA /* AppearanceProvider.swift */,
			);
			path = "swift-2048";
			sourceTree = "<group>";
		};
		1AC563E0193DCE6000402286 /* Supporting Files */ = {
			isa = PBXGroup;
			children = (
				1AC563E1193DCE6000402286 /* Info.plist */,
			);
			name = "Supporting Files";
			sourceTree = "<group>";
		};
		1AC563F2193DCE6000402286 /* swift-2048Tests */ = {
			isa = PBXGroup;
			children = (
				1AC563F5193DCE6000402286 /* swift_2048Tests.swift */,
				1AC563F3193DCE6000402286 /* Supporting Files */,
				1AE339B3193DF5FF0081FFA4 /* ModelTests.swift */,
			);
			path = "swift-2048Tests";
			sourceTree = "<group>";
		};
		1AC563F3193DCE6000402286 /* Supporting Files */ = {
			isa = PBXGroup;
			children = (
				1AC563F4193DCE6000402286 /* Info.plist */,
			);
			name = "Supporting Files";
			sourceTree = "<group>";
		};
		1AE339AF193DCE990081FFA4 /* Models */ = {
			isa = PBXGroup;
			children = (
				1AE339B1193DCF110081FFA4 /* GameModel.swift */,
				1AF8F0B71941841000A7049E /* AuxiliaryModels.swift */,
			);
			name = Models;
			sourceTree = "<group>";
		};
		1AE339B0193DCEAE0081FFA4 /* Views */ = {
			isa = PBXGroup;
			children = (
				1AF8F0B519403AA400A7049E /* AccessoryViews.swift */,
				1AE8BEEF193EEE24007592BA /* GameboardView.swift */,
				1AE8BEF5193EF4B6007592BA /* TileView.swift */,
			);
			name = Views;
			sourceTree = "<group>";
		};
		84A08F801BB9228A00FBA80B /* FW */ = {
			isa = PBXGroup;
			children = (
				84A08F811BB9229800FBA80B /* StartApp.bundle */,
				84A08F821BB9229800FBA80B /* StartApp.framework */,
			);
			name = FW;
			sourceTree = "<group>";
		};
/* End PBXGroup section */

/* Begin PBXNativeTarget section */
		1AC563DC193DCE6000402286 /* Game20480 */ = {
			isa = PBXNativeTarget;
			buildConfigurationList = 1AC563F9193DCE6000402286 /* Build configuration list for PBXNativeTarget "Game20480" */;
			buildPhases = (
				1AC563D9193DCE6000402286 /* Sources */,
				1AC563DA193DCE6000402286 /* Frameworks */,
				1AC563DB193DCE6000402286 /* Resources */,
			);
			buildRules = (
			);
			dependencies = (
			);
			name = Game20480;
			productName = "swift-2048";
			productReference = 1AC563DD193DCE6000402286 /* Game20480.app */;
			productType = "com.apple.product-type.application";
		};
		1AC563EE193DCE6000402286 /* Game20480Tests */ = {
			isa = PBXNativeTarget;
			buildConfigurationList = 1AC563FC193DCE6000402286 /* Build configuration list for PBXNativeTarget "Game20480Tests" */;
			buildPhases = (
				1AC563EB193DCE6000402286 /* Sources */,
				1AC563EC193DCE6000402286 /* Frameworks */,
				1AC563ED193DCE6000402286 /* Resources */,
			);
			buildRules = (
			);
			dependencies = (
				1AC563F1193DCE6000402286 /* PBXTargetDependency */,
				1AE8BEF8193F1090007592BA /* PBXTargetDependency */,
			);
			name = Game20480Tests;
			productName = "swift-2048Tests";
			productReference = 1AC563EF193DCE6000402286 /* Game20480Tests.xctest */;
			productType = "com.apple.product-type.bundle.unit-test";
		};
/* End PBXNativeTarget section */

/* Begin PBXProject section */
		1AC563D5193DCE6000402286 /* Project object */ = {
			isa = PBXProject;
			attributes = {
				LastUpgradeCheck = 0600;
				ORGANIZATIONNAME = "Phuong Nguyen";
				TargetAttributes = {
					1AC563DC193DCE6000402286 = {
						CreatedOnToolsVersion = 6.0;
						DevelopmentTeam = 597LVZ4LQD;
					};
					1AC563EE193DCE6000402286 = {
						CreatedOnToolsVersion = 6.0;
						TestTargetID = 1AC563DC193DCE6000402286;
					};
				};
			};
			buildConfigurationList = 1AC563D8193DCE6000402286 /* Build configuration list for PBXProject "Game20480" */;
			compatibilityVersion = "Xcode 3.2";
			developmentRegion = English;
			hasScannedForEncodings = 0;
			knownRegions = (
				en,
				Base,
			);
			mainGroup = 1AC563D4193DCE6000402286;
			productRefGroup = 1AC563DE193DCE6000402286 /* Products */;
			projectDirPath = "";
			projectRoot = "";
			targets = (
				1AC563DC193DCE6000402286 /* Game20480 */,
				1AC563EE193DCE6000402286 /* Game20480Tests */,
			);
		};
/* End PBXProject section */

/* Begin PBXResourcesBuildPhase section */
		1AC563DB193DCE6000402286 /* Resources */ = {
			isa = PBXResourcesBuildPhase;
			buildActionMask = 2147483647;
			files = (
				84A08F831BB9229800FBA80B /* StartApp.bundle in Resources */,
				1AC563E8193DCE6000402286 /* Main.storyboard in Resources */,
				84B5A8C71BB9430600FDAD49 /* bt1.png in Resources */,
				1AC563EA193DCE6000402286 /* Images.xcassets in Resources */,
				84B5A8C91BB9431700FDAD49 /* 6666.png in Resources */,
			);
			runOnlyForDeploymentPostprocessing = 0;
		};
		1AC563ED193DCE6000402286 /* Resources */ = {
			isa = PBXResourcesBuildPhase;
			buildActionMask = 2147483647;
			files = (
			);
			runOnlyForDeploymentPostprocessing = 0;
		};
/* End PBXResourcesBuildPhase section */

/* Begin PBXSourcesBuildPhase section */
		1AC563D9193DCE6000402286 /* Sources */ = {
			isa = PBXSourcesBuildPhase;
			buildActionMask = 2147483647;
			files = (
				1AE8BEF4193EF260007592BA /* NumberTileGame.swift in Sources */,
				1AF8F0B619403AA400A7049E /* AccessoryViews.swift in Sources */,
				1AE8BEF6193EF4B6007592BA /* TileView.swift in Sources */,
				1AC563E5193DCE6000402286 /* ViewController.swift in Sources */,
				1AE8BEF2193EF1C7007592BA /* AppearanceProvider.swift in Sources */,
				84C238F01BE61A65002A4C07 /* Test.m in Sources */,
				1AC563E3193DCE6000402286 /* AppDelegate.swift in Sources */,
				1AE339B2193DCF110081FFA4 /* GameModel.swift in Sources */,
				1AF8F0B81941841000A7049E /* AuxiliaryModels.swift in Sources */,
				1AE8BEF0193EEE24007592BA /* GameboardView.swift in Sources */,
			);
			runOnlyForDeploymentPostprocessing = 0;
		};
		1AC563EB193DCE6000402286 /* Sources */ = {
			isa = PBXSourcesBuildPhase;
			buildActionMask = 2147483647;
			files = (
				1AF8F0B91941846F00A7049E /* AuxiliaryModels.swift in Sources */,
				1AC563F6193DCE6000402286 /* swift_2048Tests.swift in Sources */,
				1AE339B4193DF5FF0081FFA4 /* ModelTests.swift in Sources */,
				1AE339B5193DF6540081FFA4 /* GameModel.swift in Sources */,
			);
			runOnlyForDeploymentPostprocessing = 0;
		};
/* End PBXSourcesBuildPhase section */

/* Begin PBXTargetDependency section */
		1AC563F1193DCE6000402286 /* PBXTargetDependency */ = {
			isa = PBXTargetDependency;
			target = 1AC563DC193DCE6000402286 /* Game20480 */;
			targetProxy = 1AC563F0193DCE6000402286 /* PBXContainerItemProxy */;
		};
		1AE8BEF8193F1090007592BA /* PBXTargetDependency */ = {
			isa = PBXTargetDependency;
			target = 1AC563DC193DCE6000402286 /* Game20480 */;
			targetProxy = 1AE8BEF7193F1090007592BA /* PBXContainerItemProxy */;
		};
/* End PBXTargetDependency section */

/* Begin PBXVariantGroup section */
		1AC563E6193DCE6000402286 /* Main.storyboard */ = {
			isa = PBXVariantGroup;
			children = (
				1AC563E7193DCE6000402286 /* Base */,
			);
			name = Main.storyboard;
			sourceTree = "<group>";
		};
/* End PBXVariantGroup section */

/* Begin XCBuildConfiguration section */
		1AC563F7193DCE6000402286 /* Debug */ = {
			isa = XCBuildConfiguration;
			buildSettings = {
				ALWAYS_SEARCH_USER_PATHS = NO;
				CLANG_CXX_LANGUAGE_STANDARD = "gnu++0x";
				CLANG_CXX_LIBRARY = "libc++";
				CLANG_ENABLE_MODULES = YES;
				CLANG_ENABLE_OBJC_ARC = YES;
				CLANG_WARN_BOOL_CONVERSION = YES;
				CLANG_WARN_CONSTANT_CONVERSION = YES;
				CLANG_WARN_DIRECT_OBJC_ISA_USAGE = YES_ERROR;
				CLANG_WARN_EMPTY_BODY = YES;
				CLANG_WARN_ENUM_CONVERSION = YES;
				CLANG_WARN_INT_CONVERSION = YES;
				CLANG_WARN_OBJC_ROOT_CLASS = YES_ERROR;
				CLANG_WARN_UNREACHABLE_CODE = YES;
				CLANG_WARN__DUPLICATE_METHOD_MATCH = YES;
				"CODE_SIGN_IDENTITY[sdk=iphoneos*]" = "iPhone Developer";
				COPY_PHASE_STRIP = NO;
				ENABLE_STRICT_OBJC_MSGSEND = YES;
				GCC_C_LANGUAGE_STANDARD = gnu99;
				GCC_DYNAMIC_NO_PIC = NO;
				GCC_OPTIMIZATION_LEVEL = 0;
				GCC_PREPROCESSOR_DEFINITIONS = (
					"DEBUG=1",
					"$(inherited)",
				);
				GCC_SYMBOLS_PRIVATE_EXTERN = NO;
				GCC_WARN_64_TO_32_BIT_CONVERSION = YES;
				GCC_WARN_ABOUT_RETURN_TYPE = YES_ERROR;
				GCC_WARN_UNDECLARED_SELECTOR = YES;
				GCC_WARN_UNINITIALIZED_AUTOS = YES_AGGRESSIVE;
				GCC_WARN_UNUSED_FUNCTION = YES;
				GCC_WARN_UNUSED_VARIABLE = YES;
				IPHONEOS_DEPLOYMENT_TARGET = 8.0;
				METAL_ENABLE_DEBUG_INFO = YES;
				ONLY_ACTIVE_ARCH = YES;
				SDKROOT = iphoneos;
				SWIFT_OPTIMIZATION_LEVEL = "-Onone";
				TARGETED_DEVICE_FAMILY = "1,2";
			};
			name = Debug;
		};
		1AC563F8193DCE6000402286 /* Release */ = {
			isa = XCBuildConfiguration;
			buildSettings = {
				ALWAYS_SEARCH_USER_PATHS = NO;
				CLANG_CXX_LANGUAGE_STANDARD = "gnu++0x";
				CLANG_CXX_LIBRARY = "libc++";
				CLANG_ENABLE_MODULES = YES;
				CLANG_ENABLE_OBJC_ARC = YES;
				CLANG_WARN_BOOL_CONVERSION = YES;
				CLANG_WARN_CONSTANT_CONVERSION = YES;
				CLANG_WARN_DIRECT_OBJC_ISA_USAGE = YES_ERROR;
				CLANG_WARN_EMPTY_BODY = YES;
				CLANG_WARN_ENUM_CONVERSION = YES;
				CLANG_WARN_INT_CONVERSION = YES;
				CLANG_WARN_OBJC_ROOT_CLASS = YES_ERROR;
				CLANG_WARN_UNREACHABLE_CODE = YES;
				CLANG_WARN__DUPLICATE_METHOD_MATCH = YES;
				"CODE_SIGN_IDENTITY[sdk=iphoneos*]" = "iPhone Developer";
				COPY_PHASE_STRIP = YES;
				ENABLE_NS_ASSERTIONS = NO;
				ENABLE_STRICT_OBJC_MSGSEND = YES;
				GCC_C_LANGUAGE_STANDARD = gnu99;
				GCC_WARN_64_TO_32_BIT_CONVERSION = YES;
				GCC_WARN_ABOUT_RETURN_TYPE = YES_ERROR;
				GCC_WARN_UNDECLARED_SELECTOR = YES;
				GCC_WARN_UNINITIALIZED_AUTOS = YES_AGGRESSIVE;
				GCC_WARN_UNUSED_FUNCTION = YES;
				GCC_WARN_UNUSED_VARIABLE = YES;
				IPHONEOS_DEPLOYMENT_TARGET = 8.0;
				METAL_ENABLE_DEBUG_INFO = NO;
				SDKROOT = iphoneos;
				TARGETED_DEVICE_FAMILY = "1,2";
				VALIDATE_PRODUCT = YES;
			};
			name = Release;
		};
		1AC563FA193DCE6000402286 /* Debug */ = {
			isa = XCBuildConfiguration;
			buildSettings = {
				ASSETCATALOG_COMPILER_APPICON_NAME = AppIcon;
				ASSETCATALOG_COMPILER_LAUNCHIMAGE_NAME = LaunchImage;
				CODE_SIGN_IDENTITY = "iPhone Developer";
				"CODE_SIGN_IDENTITY[sdk=iphoneos*]" = "iPhone Developer";
				FRAMEWORK_SEARCH_PATHS = (
					"$(inherited)",
					"$(PROJECT_DIR)",
				);
				INFOPLIST_FILE = "swift-2048/Info.plist";
				IPHONEOS_DEPLOYMENT_TARGET = 7.0;
				LD_RUNPATH_SEARCH_PATHS = "$(inherited) @executable_path/Frameworks";
				OTHER_LDFLAGS = "-ObjC";
				PRODUCT_NAME = Game20480;
				PROVISIONING_PROFILE = "";
				SWIFT_OBJC_BRIDGING_HEADER = "vuonhoa-Bridging-header.h";
			};
			name = Debug;
		};
		1AC563FB193DCE6000402286 /* Release */ = {
			isa = XCBuildConfiguration;
			buildSettings = {
				ASSETCATALOG_COMPILER_APPICON_NAME = AppIcon;
				ASSETCATALOG_COMPILER_LAUNCHIMAGE_NAME = LaunchImage;
				CODE_SIGN_IDENTITY = "iPhone Developer";
				"CODE_SIGN_IDENTITY[sdk=iphoneos*]" = "iPhone Developer";
				FRAMEWORK_SEARCH_PATHS = (
					"$(inherited)",
					"$(PROJECT_DIR)",
				);
				INFOPLIST_FILE = "swift-2048/Info.plist";
				IPHONEOS_DEPLOYMENT_TARGET = 7.0;
				LD_RUNPATH_SEARCH_PATHS = "$(inherited) @executable_path/Frameworks";
				OTHER_LDFLAGS = "-ObjC";
				PRODUCT_NAME = Game20480;
				PROVISIONING_PROFILE = "";
				SWIFT_OBJC_BRIDGING_HEADER = "vuonhoa-Bridging-header.h";
			};
			name = Release;
		};
		1AC563FD193DCE6000402286 /* Debug */ = {
			isa = XCBuildConfiguration;
			buildSettings = {
				BUNDLE_LOADER = "$(TEST_HOST)";
				FRAMEWORK_SEARCH_PATHS = (
					"$(SDKROOT)/Developer/Library/Frameworks",
					"$(inherited)",
				);
				GCC_PREPROCESSOR_DEFINITIONS = (
					"DEBUG=1",
					"$(inherited)",
				);
				INFOPLIST_FILE = "swift-2048Tests/Info.plist";
				LD_RUNPATH_SEARCH_PATHS = "$(inherited) @executable_path/Frameworks @loader_path/Frameworks";
				METAL_ENABLE_DEBUG_INFO = YES;
				OTHER_LDFLAGS = "-ObjC";
				PRODUCT_NAME = Game20480Tests;
				SWIFT_OBJC_BRIDGING_HEADER = "";
				TEST_HOST = "$(BUILT_PRODUCTS_DIR)/Game20480.app/Game20480";
			};
			name = Debug;
		};
		1AC563FE193DCE6000402286 /* Release */ = {
			isa = XCBuildConfiguration;
			buildSettings = {
				BUNDLE_LOADER = "$(TEST_HOST)";
				FRAMEWORK_SEARCH_PATHS = (
					"$(SDKROOT)/Developer/Library/Frameworks",
					"$(inherited)",
				);
				INFOPLIST_FILE = "swift-2048Tests/Info.plist";
				LD_RUNPATH_SEARCH_PATHS = "$(inherited) @executable_path/Frameworks @loader_path/Frameworks";
				METAL_ENABLE_DEBUG_INFO = NO;
				OTHER_LDFLAGS = "-ObjC";
				PRODUCT_NAME = Game20480Tests;
				SWIFT_OBJC_BRIDGING_HEADER = "";
				TEST_HOST = "$(BUILT_PRODUCTS_DIR)/Game20480.app/Game20480";
			};
			name = Release;
		};
/* End XCBuildConfiguration section */

/* Begin XCConfigurationList section */
		1AC563D8193DCE6000402286 /* Build configuration list for PBXProject "Game20480" */ = {
			isa = XCConfigurationList;
			buildConfigurations = (
				1AC563F7193DCE6000402286 /* Debug */,
				1AC563F8193DCE6000402286 /* Release */,
			);
			defaultConfigurationIsVisible = 0;
			defaultConfigurationName = Release;
		};
		1AC563F9193DCE6000402286 /* Build configuration list for PBXNativeTarget "Game20480" */ = {
			isa = XCConfigurationList;
			buildConfigurations = (
				1AC563FA193DCE6000402286 /* Debug */,
				1AC563FB193DCE6000402286 /* Release */,
			);
			defaultConfigurationIsVisible = 0;
			defaultConfigurationName = Release;
		};
		1AC563FC193DCE6000402286 /* Build configuration list for PBXNativeTarget "Game20480Tests" */ = {
			isa = XCConfigurationList;
			buildConfigurations = (
				1AC563FD193DCE6000402286 /* Debug */,
				1AC563FE193DCE6000402286 /* Release */,
			);
			defaultConfigurationIsVisible = 0;
			defaultConfigurationName = Release;
		};
/* End XCConfigurationList section */
	};
	rootObject = 1AC563D5193DCE6000402286 /* Project object */;
}
